// !$*UTF8*$!
{
	archiveVersion = 1;
	classes = {
	};
	objectVersion = 51;
	objects = {

/* Begin PBXBuildFile section */
		1230B70B605D69072FD9F916 /* Pods_MoviesListTest.framework in Frameworks */ = {isa = PBXBuildFile; fileRef = 411D0654DA5B9ED7E30B903F /* Pods_MoviesListTest.framework */; };
		57D1CFB5256D61AD00E5D320 /* AppDelegate.swift in Sources */ = {isa = PBXBuildFile; fileRef = 57D1CFB4256D61AD00E5D320 /* AppDelegate.swift */; };
		57D1CFB7256D61AD00E5D320 /* SceneDelegate.swift in Sources */ = {isa = PBXBuildFile; fileRef = 57D1CFB6256D61AD00E5D320 /* SceneDelegate.swift */; };
		57D1CFBC256D61AD00E5D320 /* Main.storyboard in Resources */ = {isa = PBXBuildFile; fileRef = 57D1CFBA256D61AD00E5D320 /* Main.storyboard */; };
		57D1CFBE256D61AE00E5D320 /* Assets.xcassets in Resources */ = {isa = PBXBuildFile; fileRef = 57D1CFBD256D61AE00E5D320 /* Assets.xcassets */; };
		57D1CFC1256D61AE00E5D320 /* LaunchScreen.storyboard in Resources */ = {isa = PBXBuildFile; fileRef = 57D1CFBF256D61AE00E5D320 /* LaunchScreen.storyboard */; };
		57D1CFDB256D634800E5D320 /* UITableView+Dequeue.swift in Sources */ = {isa = PBXBuildFile; fileRef = 57D1CFDA256D634800E5D320 /* UITableView+Dequeue.swift */; };
		57D1CFE0256D638F00E5D320 /* UITableViewCell+Reusable.swift in Sources */ = {isa = PBXBuildFile; fileRef = 57D1CFDF256D638F00E5D320 /* UITableViewCell+Reusable.swift */; };
		57D1CFE3256D63AB00E5D320 /* Typealias.swift in Sources */ = {isa = PBXBuildFile; fileRef = 57D1CFE2256D63AB00E5D320 /* Typealias.swift */; };
		57D1CFE8256D63FE00E5D320 /* NetworkManager.swift in Sources */ = {isa = PBXBuildFile; fileRef = 57D1CFE7256D63FE00E5D320 /* NetworkManager.swift */; };
		57D1CFEC256D641800E5D320 /* Movie.swift in Sources */ = {isa = PBXBuildFile; fileRef = 57D1CFEB256D641800E5D320 /* Movie.swift */; };
		57D1CFF3256D6BDA00E5D320 /* MoviesListViewController.swift in Sources */ = {isa = PBXBuildFile; fileRef = 57D1CFF2256D6BDA00E5D320 /* MoviesListViewController.swift */; };
		57D1CFF8256D6C0400E5D320 /* MovieTableViewCell.xib in Resources */ = {isa = PBXBuildFile; fileRef = 57D1CFF6256D6C0400E5D320 /* MovieTableViewCell.xib */; };
		57D1CFF9256D6C0400E5D320 /* MovieTableViewCell.swift in Sources */ = {isa = PBXBuildFile; fileRef = 57D1CFF7256D6C0400E5D320 /* MovieTableViewCell.swift */; };
		57D1CFFC256D6C4500E5D320 /* MoviesListViewModel.swift in Sources */ = {isa = PBXBuildFile; fileRef = 57D1CFFB256D6C4500E5D320 /* MoviesListViewModel.swift */; };
		57D1CFFF256D6FAF00E5D320 /* MovieTableViewCellViewModel.swift in Sources */ = {isa = PBXBuildFile; fileRef = 57D1CFFE256D6FAF00E5D320 /* MovieTableViewCellViewModel.swift */; };
		57D1D002256D705900E5D320 /* MoviesResponse.swift in Sources */ = {isa = PBXBuildFile; fileRef = 57D1D001256D705900E5D320 /* MoviesResponse.swift */; };
/* End PBXBuildFile section */

/* Begin PBXFileReference section */
		411D0654DA5B9ED7E30B903F /* Pods_MoviesListTest.framework */ = {isa = PBXFileReference; explicitFileType = wrapper.framework; includeInIndex = 0; path = Pods_MoviesListTest.framework; sourceTree = BUILT_PRODUCTS_DIR; };
		43D905BDA047E929A665EC65 /* Pods-MoviesListTest.debug.xcconfig */ = {isa = PBXFileReference; includeInIndex = 1; lastKnownFileType = text.xcconfig; name = "Pods-MoviesListTest.debug.xcconfig"; path = "Target Support Files/Pods-MoviesListTest/Pods-MoviesListTest.debug.xcconfig"; sourceTree = "<group>"; };
		57D1CFB1256D61AD00E5D320 /* MoviesListTest.app */ = {isa = PBXFileReference; explicitFileType = wrapper.application; includeInIndex = 0; path = MoviesListTest.app; sourceTree = BUILT_PRODUCTS_DIR; };
		57D1CFB4256D61AD00E5D320 /* AppDelegate.swift */ = {isa = PBXFileReference; lastKnownFileType = sourcecode.swift; path = AppDelegate.swift; sourceTree = "<group>"; };
		57D1CFB6256D61AD00E5D320 /* SceneDelegate.swift */ = {isa = PBXFileReference; lastKnownFileType = sourcecode.swift; path = SceneDelegate.swift; sourceTree = "<group>"; };
		57D1CFBB256D61AD00E5D320 /* Base */ = {isa = PBXFileReference; lastKnownFileType = file.storyboard; name = Base; path = Base.lproj/Main.storyboard; sourceTree = "<group>"; };
		57D1CFBD256D61AE00E5D320 /* Assets.xcassets */ = {isa = PBXFileReference; lastKnownFileType = folder.assetcatalog; path = Assets.xcassets; sourceTree = "<group>"; };
		57D1CFC0256D61AE00E5D320 /* Base */ = {isa = PBXFileReference; lastKnownFileType = file.storyboard; name = Base; path = Base.lproj/LaunchScreen.storyboard; sourceTree = "<group>"; };
		57D1CFC2256D61AE00E5D320 /* Info.plist */ = {isa = PBXFileReference; lastKnownFileType = text.plist.xml; path = Info.plist; sourceTree = "<group>"; };
		57D1CFDA256D634800E5D320 /* UITableView+Dequeue.swift */ = {isa = PBXFileReference; lastKnownFileType = sourcecode.swift; path = "UITableView+Dequeue.swift"; sourceTree = "<group>"; };
		57D1CFDF256D638F00E5D320 /* UITableViewCell+Reusable.swift */ = {isa = PBXFileReference; lastKnownFileType = sourcecode.swift; path = "UITableViewCell+Reusable.swift"; sourceTree = "<group>"; };
		57D1CFE2256D63AB00E5D320 /* Typealias.swift */ = {isa = PBXFileReference; lastKnownFileType = sourcecode.swift; path = Typealias.swift; sourceTree = "<group>"; };
		57D1CFE7256D63FE00E5D320 /* NetworkManager.swift */ = {isa = PBXFileReference; lastKnownFileType = sourcecode.swift; path = NetworkManager.swift; sourceTree = "<group>"; };
		57D1CFEB256D641800E5D320 /* Movie.swift */ = {isa = PBXFileReference; lastKnownFileType = sourcecode.swift; path = Movie.swift; sourceTree = "<group>"; };
		57D1CFF2256D6BDA00E5D320 /* MoviesListViewController.swift */ = {isa = PBXFileReference; lastKnownFileType = sourcecode.swift; path = MoviesListViewController.swift; sourceTree = "<group>"; };
		57D1CFF6256D6C0400E5D320 /* MovieTableViewCell.xib */ = {isa = PBXFileReference; fileEncoding = 4; lastKnownFileType = file.xib; path = MovieTableViewCell.xib; sourceTree = "<group>"; };
		57D1CFF7256D6C0400E5D320 /* MovieTableViewCell.swift */ = {isa = PBXFileReference; fileEncoding = 4; lastKnownFileType = sourcecode.swift; path = MovieTableViewCell.swift; sourceTree = "<group>"; };
		57D1CFFB256D6C4500E5D320 /* MoviesListViewModel.swift */ = {isa = PBXFileReference; lastKnownFileType = sourcecode.swift; path = MoviesListViewModel.swift; sourceTree = "<group>"; };
		57D1CFFE256D6FAF00E5D320 /* MovieTableViewCellViewModel.swift */ = {isa = PBXFileReference; lastKnownFileType = sourcecode.swift; path = MovieTableViewCellViewModel.swift; sourceTree = "<group>"; };
		57D1D001256D705900E5D320 /* MoviesResponse.swift */ = {isa = PBXFileReference; lastKnownFileType = sourcecode.swift; path = MoviesResponse.swift; sourceTree = "<group>"; };
		E45962D7A0BA5F0F5A6B0098 /* Pods-MoviesListTest.release.xcconfig */ = {isa = PBXFileReference; includeInIndex = 1; lastKnownFileType = text.xcconfig; name = "Pods-MoviesListTest.release.xcconfig"; path = "Target Support Files/Pods-MoviesListTest/Pods-MoviesListTest.release.xcconfig"; sourceTree = "<group>"; };
/* End PBXFileReference section */

/* Begin PBXFrameworksBuildPhase section */
		57D1CFAE256D61AD00E5D320 /* Frameworks */ = {
			isa = PBXFrameworksBuildPhase;
			buildActionMask = 2147483647;
			files = (
				1230B70B605D69072FD9F916 /* Pods_MoviesListTest.framework in Frameworks */,
			);
			runOnlyForDeploymentPostprocessing = 0;
		};
/* End PBXFrameworksBuildPhase section */

/* Begin PBXGroup section */
		0AF25962749573647C6A8AED /* Frameworks */ = {
			isa = PBXGroup;
			children = (
				411D0654DA5B9ED7E30B903F /* Pods_MoviesListTest.framework */,
			);
			name = Frameworks;
			sourceTree = "<group>";
		};
		57D1CFA8256D61AD00E5D320 = {
			isa = PBXGroup;
			children = (
				57D1CFB3256D61AD00E5D320 /* MoviesListTest */,
				57D1CFB2256D61AD00E5D320 /* Products */,
				5C2A1867E09B24CE2E0B1A4D /* Pods */,
				0AF25962749573647C6A8AED /* Frameworks */,
			);
			sourceTree = "<group>";
		};
		57D1CFB2256D61AD00E5D320 /* Products */ = {
			isa = PBXGroup;
			children = (
				57D1CFB1256D61AD00E5D320 /* MoviesListTest.app */,
			);
			name = Products;
			sourceTree = "<group>";
		};
		57D1CFB3256D61AD00E5D320 /* MoviesListTest */ = {
			isa = PBXGroup;
			children = (
				57D1CFD4256D62E600E5D320 /* Model */,
				57D1CFD7256D630300E5D320 /* View */,
				57D1CFD5256D62EE00E5D320 /* ViewModel */,
				57D1CFD2256D629000E5D320 /* Utility */,
				57D1CFD1256D628000E5D320 /* Storyboards */,
				57D1CFCF256D626A00E5D320 /* Resources */,
				57D1CFC2256D61AE00E5D320 /* Info.plist */,
			);
			path = MoviesListTest;
			sourceTree = "<group>";
		};
		57D1CFCF256D626A00E5D320 /* Resources */ = {
			isa = PBXGroup;
			children = (
				57D1CFBD256D61AE00E5D320 /* Assets.xcassets */,
			);
			path = Resources;
			sourceTree = "<group>";
		};
		57D1CFD1256D628000E5D320 /* Storyboards */ = {
			isa = PBXGroup;
			children = (
				57D1CFBA256D61AD00E5D320 /* Main.storyboard */,
				57D1CFBF256D61AE00E5D320 /* LaunchScreen.storyboard */,
			);
			path = Storyboards;
			sourceTree = "<group>";
		};
		57D1CFD2256D629000E5D320 /* Utility */ = {
			isa = PBXGroup;
			children = (
				57D1CFD9256D632700E5D320 /* Extensions */,
				57D1CFB4256D61AD00E5D320 /* AppDelegate.swift */,
				57D1CFB6256D61AD00E5D320 /* SceneDelegate.swift */,
				57D1CFE2256D63AB00E5D320 /* Typealias.swift */,
			);
			path = Utility;
			sourceTree = "<group>";
		};
		57D1CFD4256D62E600E5D320 /* Model */ = {
			isa = PBXGroup;
			children = (
				57D1CFE6256D63ED00E5D320 /* Models */,
				57D1CFE5256D63E600E5D320 /* Network */,
			);
			path = Model;
			sourceTree = "<group>";
		};
		57D1CFD5256D62EE00E5D320 /* ViewModel */ = {
			isa = PBXGroup;
			children = (
				57D1CFFB256D6C4500E5D320 /* MoviesListViewModel.swift */,
				57D1CFFE256D6FAF00E5D320 /* MovieTableViewCellViewModel.swift */,
			);
			path = ViewModel;
			sourceTree = "<group>";
		};
		57D1CFD7256D630300E5D320 /* View */ = {
			isa = PBXGroup;
			children = (
				57D1CFF5256D6C0400E5D320 /* Custom Views */,
				57D1CFF2256D6BDA00E5D320 /* MoviesListViewController.swift */,
			);
			path = View;
			sourceTree = "<group>";
		};
		57D1CFD9256D632700E5D320 /* Extensions */ = {
			isa = PBXGroup;
			children = (
				57D1CFDA256D634800E5D320 /* UITableView+Dequeue.swift */,
				57D1CFDF256D638F00E5D320 /* UITableViewCell+Reusable.swift */,
			);
			path = Extensions;
			sourceTree = "<group>";
		};
		57D1CFE5256D63E600E5D320 /* Network */ = {
			isa = PBXGroup;
			children = (
				57D1CFE7256D63FE00E5D320 /* NetworkManager.swift */,
			);
			path = Network;
			sourceTree = "<group>";
		};
		57D1CFE6256D63ED00E5D320 /* Models */ = {
			isa = PBXGroup;
			children = (
				57D1CFEB256D641800E5D320 /* Movie.swift */,
				57D1D001256D705900E5D320 /* MoviesResponse.swift */,
			);
			path = Models;
			sourceTree = "<group>";
		};
		57D1CFF5256D6C0400E5D320 /* Custom Views */ = {
			isa = PBXGroup;
			children = (
				57D1CFF6256D6C0400E5D320 /* MovieTableViewCell.xib */,
				57D1CFF7256D6C0400E5D320 /* MovieTableViewCell.swift */,
			);
			path = "Custom Views";
			sourceTree = "<group>";
		};
		5C2A1867E09B24CE2E0B1A4D /* Pods */ = {
			isa = PBXGroup;
			children = (
				43D905BDA047E929A665EC65 /* Pods-MoviesListTest.debug.xcconfig */,
				E45962D7A0BA5F0F5A6B0098 /* Pods-MoviesListTest.release.xcconfig */,
			);
			path = Pods;
			sourceTree = "<group>";
		};
/* End PBXGroup section */

/* Begin PBXNativeTarget section */
		57D1CFB0256D61AD00E5D320 /* MoviesListTest */ = {
			isa = PBXNativeTarget;
			buildConfigurationList = 57D1CFC5256D61AE00E5D320 /* Build configuration list for PBXNativeTarget "MoviesListTest" */;
			buildPhases = (
				5CC8ADAECAEBCB749BA14703 /* [CP] Check Pods Manifest.lock */,
				57D1CFAD256D61AD00E5D320 /* Sources */,
				57D1CFAE256D61AD00E5D320 /* Frameworks */,
				57D1CFAF256D61AD00E5D320 /* Resources */,
				4E512056808BFE9B9A328CC1 /* [CP] Embed Pods Frameworks */,
			);
			buildRules = (
			);
			dependencies = (
			);
			name = MoviesListTest;
			productName = MoviesListTest;
			productReference = 57D1CFB1256D61AD00E5D320 /* MoviesListTest.app */;
			productType = "com.apple.product-type.application";
		};
/* End PBXNativeTarget section */

/* Begin PBXProject section */
		57D1CFA9256D61AD00E5D320 /* Project object */ = {
			isa = PBXProject;
			attributes = {
				LastSwiftUpdateCheck = 1220;
				LastUpgradeCheck = 1220;
				TargetAttributes = {
					57D1CFB0256D61AD00E5D320 = {
						CreatedOnToolsVersion = 12.2;
					};
				};
			};
			buildConfigurationList = 57D1CFAC256D61AD00E5D320 /* Build configuration list for PBXProject "MoviesListTest" */;
			compatibilityVersion = "Xcode 9.3";
			developmentRegion = en;
			hasScannedForEncodings = 0;
			knownRegions = (
				en,
				Base,
			);
			mainGroup = 57D1CFA8256D61AD00E5D320;
			productRefGroup = 57D1CFB2256D61AD00E5D320 /* Products */;
			projectDirPath = "";
			projectRoot = "";
			targets = (
				57D1CFB0256D61AD00E5D320 /* MoviesListTest */,
			);
		};
/* End PBXProject section */

/* Begin PBXResourcesBuildPhase section */
		57D1CFAF256D61AD00E5D320 /* Resources */ = {
			isa = PBXResourcesBuildPhase;
			buildActionMask = 2147483647;
			files = (
				57D1CFC1256D61AE00E5D320 /* LaunchScreen.storyboard in Resources */,
				57D1CFBE256D61AE00E5D320 /* Assets.xcassets in Resources */,
				57D1CFF8256D6C0400E5D320 /* MovieTableViewCell.xib in Resources */,
				57D1CFBC256D61AD00E5D320 /* Main.storyboard in Resources */,
			);
			runOnlyForDeploymentPostprocessing = 0;
		};
/* End PBXResourcesBuildPhase section */

/* Begin PBXShellScriptBuildPhase section */
		4E512056808BFE9B9A328CC1 /* [CP] Embed Pods Frameworks */ = {
			isa = PBXShellScriptBuildPhase;
			buildActionMask = 2147483647;
			files = (
			);
			inputFileListPaths = (
				"${PODS_ROOT}/Target Support Files/Pods-MoviesListTest/Pods-MoviesListTest-frameworks-${CONFIGURATION}-input-files.xcfilelist",
			);
			name = "[CP] Embed Pods Frameworks";
			outputFileListPaths = (
				"${PODS_ROOT}/Target Support Files/Pods-MoviesListTest/Pods-MoviesListTest-frameworks-${CONFIGURATION}-output-files.xcfilelist",
			);
			runOnlyForDeploymentPostprocessing = 0;
			shellPath = /bin/sh;
			shellScript = "\"${PODS_ROOT}/Target Support Files/Pods-MoviesListTest/Pods-MoviesListTest-frameworks.sh\"\n";
			showEnvVarsInLog = 0;
		};
		5CC8ADAECAEBCB749BA14703 /* [CP] Check Pods Manifest.lock */ = {
			isa = PBXShellScriptBuildPhase;
			buildActionMask = 2147483647;
			files = (
			);
			inputFileListPaths = (
			);
			inputPaths = (
				"${PODS_PODFILE_DIR_PATH}/Podfile.lock",
				"${PODS_ROOT}/Manifest.lock",
			);
			name = "[CP] Check Pods Manifest.lock";
			outputFileListPaths = (
			);
			outputPaths = (
				"$(DERIVED_FILE_DIR)/Pods-MoviesListTest-checkManifestLockResult.txt",
			);
			runOnlyForDeploymentPostprocessing = 0;
			shellPath = /bin/sh;
			shellScript = "diff \"${PODS_PODFILE_DIR_PATH}/Podfile.lock\" \"${PODS_ROOT}/Manifest.lock\" > /dev/null\nif [ $? != 0 ] ; then\n    # print error to STDERR\n    echo \"error: The sandbox is not in sync with the Podfile.lock. Run 'pod install' or update your CocoaPods installation.\" >&2\n    exit 1\nfi\n# This output is used by Xcode 'outputs' to avoid re-running this script phase.\necho \"SUCCESS\" > \"${SCRIPT_OUTPUT_FILE_0}\"\n";
			showEnvVarsInLog = 0;
		};
/* End PBXShellScriptBuildPhase section */

/* Begin PBXSourcesBuildPhase section */
		57D1CFAD256D61AD00E5D320 /* Sources */ = {
			isa = PBXSourcesBuildPhase;
			buildActionMask = 2147483647;
			files = (
				57D1CFEC256D641800E5D320 /* Movie.swift in Sources */,
				57D1CFE8256D63FE00E5D320 /* NetworkManager.swift in Sources */,
				57D1CFF9256D6C0400E5D320 /* MovieTableViewCell.swift in Sources */,
				57D1CFE0256D638F00E5D320 /* UITableViewCell+Reusable.swift in Sources */,
				57D1CFB5256D61AD00E5D320 /* AppDelegate.swift in Sources */,
				57D1D002256D705900E5D320 /* MoviesResponse.swift in Sources */,
				57D1CFFC256D6C4500E5D320 /* MoviesListViewModel.swift in Sources */,
				57D1CFDB256D634800E5D320 /* UITableView+Dequeue.swift in Sources */,
				57D1CFFF256D6FAF00E5D320 /* MovieTableViewCellViewModel.swift in Sources */,
				57D1CFB7256D61AD00E5D320 /* SceneDelegate.swift in Sources */,
				57D1CFE3256D63AB00E5D320 /* Typealias.swift in Sources */,
				57D1CFF3256D6BDA00E5D320 /* MoviesListViewController.swift in Sources */,
			);
			runOnlyForDeploymentPostprocessing = 0;
		};
/* End PBXSourcesBuildPhase section */

/* Begin PBXVariantGroup section */
		57D1CFBA256D61AD00E5D320 /* Main.storyboard */ = {
			isa = PBXVariantGroup;
			children = (
				57D1CFBB256D61AD00E5D320 /* Base */,
			);
			name = Main.storyboard;
			sourceTree = "<group>";
		};
		57D1CFBF256D61AE00E5D320 /* LaunchScreen.storyboard */ = {
			isa = PBXVariantGroup;
			children = (
				57D1CFC0256D61AE00E5D320 /* Base */,
			);
			name = LaunchScreen.storyboard;
			sourceTree = "<group>";
		};
/* End PBXVariantGroup section */

/* Begin XCBuildConfiguration section */
		57D1CFC3256D61AE00E5D320 /* Debug */ = {
			isa = XCBuildConfiguration;
			buildSettings = {
				ALWAYS_SEARCH_USER_PATHS = NO;
				CLANG_ANALYZER_NONNULL = YES;
				CLANG_ANALYZER_NUMBER_OBJECT_CONVERSION = YES_AGGRESSIVE;
				CLANG_CXX_LANGUAGE_STANDARD = "gnu++14";
				CLANG_CXX_LIBRARY = "libc++";
				CLANG_ENABLE_MODULES = YES;
				CLANG_ENABLE_OBJC_ARC = YES;
				CLANG_ENABLE_OBJC_WEAK = YES;
				CLANG_WARN_BLOCK_CAPTURE_AUTORELEASING = YES;
				CLANG_WARN_BOOL_CONVERSION = YES;
				CLANG_WARN_COMMA = YES;
				CLANG_WARN_CONSTANT_CONVERSION = YES;
				CLANG_WARN_DEPRECATED_OBJC_IMPLEMENTATIONS = YES;
				CLANG_WARN_DIRECT_OBJC_ISA_USAGE = YES_ERROR;
				CLANG_WARN_DOCUMENTATION_COMMENTS = YES;
				CLANG_WARN_EMPTY_BODY = YES;
				CLANG_WARN_ENUM_CONVERSION = YES;
				CLANG_WARN_INFINITE_RECURSION = YES;
				CLANG_WARN_INT_CONVERSION = YES;
				CLANG_WARN_NON_LITERAL_NULL_CONVERSION = YES;
				CLANG_WARN_OBJC_IMPLICIT_RETAIN_SELF = YES;
				CLANG_WARN_OBJC_LITERAL_CONVERSION = YES;
				CLANG_WARN_OBJC_ROOT_CLASS = YES_ERROR;
				CLANG_WARN_QUOTED_INCLUDE_IN_FRAMEWORK_HEADER = YES;
				CLANG_WARN_RANGE_LOOP_ANALYSIS = YES;
				CLANG_WARN_STRICT_PROTOTYPES = YES;
				CLANG_WARN_SUSPICIOUS_MOVE = YES;
				CLANG_WARN_UNGUARDED_AVAILABILITY = YES_AGGRESSIVE;
				CLANG_WARN_UNREACHABLE_CODE = YES;
				CLANG_WARN__DUPLICATE_METHOD_MATCH = YES;
				COPY_PHASE_STRIP = NO;
				DEBUG_INFORMATION_FORMAT = dwarf;
				ENABLE_STRICT_OBJC_MSGSEND = YES;
				ENABLE_TESTABILITY = YES;
				GCC_C_LANGUAGE_STANDARD = gnu11;
				GCC_DYNAMIC_NO_PIC = NO;
				GCC_NO_COMMON_BLOCKS = YES;
				GCC_OPTIMIZATION_LEVEL = 0;
				GCC_PREPROCESSOR_DEFINITIONS = (
					"DEBUG=1",
					"$(inherited)",
				);
				GCC_WARN_64_TO_32_BIT_CONVERSION = YES;
				GCC_WARN_ABOUT_RETURN_TYPE = YES_ERROR;
				GCC_WARN_UNDECLARED_SELECTOR = YES;
				GCC_WARN_UNINITIALIZED_AUTOS = YES_AGGRESSIVE;
				GCC_WARN_UNUSED_FUNCTION = YES;
				GCC_WARN_UNUSED_VARIABLE = YES;
				IPHONEOS_DEPLOYMENT_TARGET = 14.2;
				MTL_ENABLE_DEBUG_INFO = INCLUDE_SOURCE;
				MTL_FAST_MATH = YES;
				ONLY_ACTIVE_ARCH = YES;
				SDKROOT = iphoneos;
				SWIFT_ACTIVE_COMPILATION_CONDITIONS = DEBUG;
				SWIFT_OPTIMIZATION_LEVEL = "-Onone";
			};
			name = Debug;
		};
		57D1CFC4256D61AE00E5D320 /* Release */ = {
			isa = XCBuildConfiguration;
			buildSettings = {
				ALWAYS_SEARCH_USER_PATHS = NO;
				CLANG_ANALYZER_NONNULL = YES;
				CLANG_ANALYZER_NUMBER_OBJECT_CONVERSION = YES_AGGRESSIVE;
				CLANG_CXX_LANGUAGE_STANDARD = "gnu++14";
				CLANG_CXX_LIBRARY = "libc++";
				CLANG_ENABLE_MODULES = YES;
				CLANG_ENABLE_OBJC_ARC = YES;
				CLANG_ENABLE_OBJC_WEAK = YES;
				CLANG_WARN_BLOCK_CAPTURE_AUTORELEASING = YES;
				CLANG_WARN_BOOL_CONVERSION = YES;
				CLANG_WARN_COMMA = YES;
				CLANG_WARN_CONSTANT_CONVERSION = YES;
				CLANG_WARN_DEPRECATED_OBJC_IMPLEMENTATIONS = YES;
				CLANG_WARN_DIRECT_OBJC_ISA_USAGE = YES_ERROR;
				CLANG_WARN_DOCUMENTATION_COMMENTS = YES;
				CLANG_WARN_EMPTY_BODY = YES;
				CLANG_WARN_ENUM_CONVERSION = YES;
				CLANG_WARN_INFINITE_RECURSION = YES;
				CLANG_WARN_INT_CONVERSION = YES;
				CLANG_WARN_NON_LITERAL_NULL_CONVERSION = YES;
				CLANG_WARN_OBJC_IMPLICIT_RETAIN_SELF = YES;
				CLANG_WARN_OBJC_LITERAL_CONVERSION = YES;
				CLANG_WARN_OBJC_ROOT_CLASS = YES_ERROR;
				CLANG_WARN_QUOTED_INCLUDE_IN_FRAMEWORK_HEADER = YES;
				CLANG_WARN_RANGE_LOOP_ANALYSIS = YES;
				CLANG_WARN_STRICT_PROTOTYPES = YES;
				CLANG_WARN_SUSPICIOUS_MOVE = YES;
				CLANG_WARN_UNGUARDED_AVAILABILITY = YES_AGGRESSIVE;
				CLANG_WARN_UNREACHABLE_CODE = YES;
				CLANG_WARN__DUPLICATE_METHOD_MATCH = YES;
				COPY_PHASE_STRIP = NO;
				DEBUG_INFORMATION_FORMAT = "dwarf-with-dsym";
				ENABLE_NS_ASSERTIONS = NO;
				ENABLE_STRICT_OBJC_MSGSEND = YES;
				GCC_C_LANGUAGE_STANDARD = gnu11;
				GCC_NO_COMMON_BLOCKS = YES;
				GCC_WARN_64_TO_32_BIT_CONVERSION = YES;
				GCC_WARN_ABOUT_RETURN_TYPE = YES_ERROR;
				GCC_WARN_UNDECLARED_SELECTOR = YES;
				GCC_WARN_UNINITIALIZED_AUTOS = YES_AGGRESSIVE;
				GCC_WARN_UNUSED_FUNCTION = YES;
				GCC_WARN_UNUSED_VARIABLE = YES;
				IPHONEOS_DEPLOYMENT_TARGET = 14.2;
				MTL_ENABLE_DEBUG_INFO = NO;
				MTL_FAST_MATH = YES;
				SDKROOT = iphoneos;
				SWIFT_COMPILATION_MODE = wholemodule;
				SWIFT_OPTIMIZATION_LEVEL = "-O";
				VALIDATE_PRODUCT = YES;
			};
			name = Release;
		};
		57D1CFC6256D61AE00E5D320 /* Debug */ = {
			isa = XCBuildConfiguration;
			baseConfigurationReference = 43D905BDA047E929A665EC65 /* Pods-MoviesListTest.debug.xcconfig */;
			buildSettings = {
				ASSETCATALOG_COMPILER_APPICON_NAME = AppIcon;
				ASSETCATALOG_COMPILER_GLOBAL_ACCENT_COLOR_NAME = AccentColor;
				CODE_SIGN_STYLE = Automatic;
				DEVELOPMENT_TEAM = 75WXTAPSRN;
				INFOPLIST_FILE = MoviesListTest/Info.plist;
				LD_RUNPATH_SEARCH_PATHS = (
					"$(inherited)",
					"@executable_path/Frameworks",
				);
				PRODUCT_BUNDLE_IDENTIFIER = com.slushtesting.MoviesListTest;
				PRODUCT_NAME = "$(TARGET_NAME)";
				SWIFT_VERSION = 5.0;
				TARGETED_DEVICE_FAMILY = "1,2";
			};
			name = Debug;
		};
		57D1CFC7256D61AE00E5D320 /* Release */ = {
			isa = XCBuildConfiguration;
			baseConfigurationReference = E45962D7A0BA5F0F5A6B0098 /* Pods-MoviesListTest.release.xcconfig */;
			buildSettings = {
				ASSETCATALOG_COMPILER_APPICON_NAME = AppIcon;
				ASSETCATALOG_COMPILER_GLOBAL_ACCENT_COLOR_NAME = AccentColor;
				CODE_SIGN_STYLE = Automatic;
				DEVELOPMENT_TEAM = 75WXTAPSRN;
				INFOPLIST_FILE = MoviesListTest/Info.plist;
				LD_RUNPATH_SEARCH_PATHS = (
					"$(inherited)",
					"@executable_path/Frameworks",
				);
				PRODUCT_BUNDLE_IDENTIFIER = com.slushtesting.MoviesListTest;
				PRODUCT_NAME = "$(TARGET_NAME)";
				SWIFT_VERSION = 5.0;
				TARGETED_DEVICE_FAMILY = "1,2";
			};
			name = Release;
		};
/* End XCBuildConfiguration section */

/* Begin XCConfigurationList section */
		57D1CFAC256D61AD00E5D320 /* Build configuration list for PBXProject "MoviesListTest" */ = {
			isa = XCConfigurationList;
			buildConfigurations = (
				57D1CFC3256D61AE00E5D320 /* Debug */,
				57D1CFC4256D61AE00E5D320 /* Release */,
			);
			defaultConfigurationIsVisible = 0;
			defaultConfigurationName = Release;
		};
		57D1CFC5256D61AE00E5D320 /* Build configuration list for PBXNativeTarget "MoviesListTest" */ = {
			isa = XCConfigurationList;
			buildConfigurations = (
				57D1CFC6256D61AE00E5D320 /* Debug */,
				57D1CFC7256D61AE00E5D320 /* Release */,
			);
			defaultConfigurationIsVisible = 0;
			defaultConfigurationName = Release;
		};
/* End XCConfigurationList section */
	};
	rootObject = 57D1CFA9256D61AD00E5D320 /* Project object */;
}
